
Microsoft Visual Studio Solution File, Format Version 12.00
# Visual Studio Version 17
VisualStudioVersion = 17.11.35222.181
MinimumVisualStudioVersion = 10.0.40219.1
Project("{FAE04EC0-301F-11D3-BF4B-00C04F79EFBC}") = "Csharp241008", "Csharp241008.csproj", "{44FCF3ED-DC46-4D87-9781-7738E303DEC8}"
EndProject
Global
	GlobalSection(SolutionConfigurationPlatforms) = preSolution
		Debug|Any CPU = Debug|Any CPU
		Release|Any CPU = Release|Any CPU
	EndGlobalSection
	GlobalSection(ProjectConfigurationPlatforms) = postSolution
		{44FCF3ED-DC46-4D87-9781-7738E303DEC8}.Debug|Any CPU.ActiveCfg = Debug|Any CPU
		{44FCF3ED-DC46-4D87-9781-7738E303DEC8}.Debug|Any CPU.Build.0 = Debug|Any CPU
		{44FCF3ED-DC46-4D87-9781-7738E303DEC8}.Release|Any CPU.ActiveCfg = Release|Any CPU
		{44FCF3ED-DC46-4D87-9781-7738E303DEC8}.Release|Any CPU.Build.0 = Release|Any CPU
	EndGlobalSection
	GlobalSection(SolutionProperties) = preSolution
		HideSolutionNode = FALSE
	EndGlobalSection
	GlobalSection(ExtensibilityGlobals) = postSolution
		SolutionGuid = {D8C12454-CBAA-4B5E-AFC0-23714C4B64F6}
	EndGlobalSection
EndGlobal
